// !$*UTF8*$!
{
	archiveVersion = 1;
	classes = {
	};
	objectVersion = 50;
	objects = {

/* Begin PBXBuildFile section */
		5A08E4B4240C0F2900AEEECA /* ComicsViewCell.swift in Sources */ = {isa = PBXBuildFile; fileRef = 5A08E4B3240C0F2900AEEECA /* ComicsViewCell.swift */; };
		5A08E4B6240C35BE00AEEECA /* NetworkService.swift in Sources */ = {isa = PBXBuildFile; fileRef = 5A08E4B5240C35BE00AEEECA /* NetworkService.swift */; };
		5A08E4B8240C3FF400AEEECA /* CharacterTitleView.swift in Sources */ = {isa = PBXBuildFile; fileRef = 5A08E4B7240C3FF400AEEECA /* CharacterTitleView.swift */; };
		5A08E4BA240C567400AEEECA /* ComicsCellViewModel.swift in Sources */ = {isa = PBXBuildFile; fileRef = 5A08E4B9240C567400AEEECA /* ComicsCellViewModel.swift */; };
		5A17A0FD240A882600297C35 /* Links.swift in Sources */ = {isa = PBXBuildFile; fileRef = 5A17A0FC240A882600297C35 /* Links.swift */; };
		5A17A0FF240A8EE700297C35 /* MainViewModel.swift in Sources */ = {isa = PBXBuildFile; fileRef = 5A17A0FE240A8EE700297C35 /* MainViewModel.swift */; };
		5A2E81A0240A96A900718478 /* Extensions.swift in Sources */ = {isa = PBXBuildFile; fileRef = 5A2E819F240A96A900718478 /* Extensions.swift */; };
		5A2E81A2240A9C2900718478 /* CharacterListView.swift in Sources */ = {isa = PBXBuildFile; fileRef = 5A2E81A1240A9C2900718478 /* CharacterListView.swift */; };
		5A9EABC8240B7B7E0048A20F /* CharacterCell.swift in Sources */ = {isa = PBXBuildFile; fileRef = 5A9EABC7240B7B7E0048A20F /* CharacterCell.swift */; };
		5A9EABCA240B84CC0048A20F /* Colors.swift in Sources */ = {isa = PBXBuildFile; fileRef = 5A9EABC9240B84CC0048A20F /* Colors.swift */; };
		5A9EABCD240BD8230048A20F /* CustomImageView.swift in Sources */ = {isa = PBXBuildFile; fileRef = 5A9EABCC240BD8230048A20F /* CustomImageView.swift */; };
		5AA59D5C2408F286007FCAFD /* AppDelegate.swift in Sources */ = {isa = PBXBuildFile; fileRef = 5AA59D5B2408F286007FCAFD /* AppDelegate.swift */; };
		5AA59D5E2408F286007FCAFD /* SceneDelegate.swift in Sources */ = {isa = PBXBuildFile; fileRef = 5AA59D5D2408F286007FCAFD /* SceneDelegate.swift */; };
		5AA59D652408F28A007FCAFD /* Assets.xcassets in Resources */ = {isa = PBXBuildFile; fileRef = 5AA59D642408F28A007FCAFD /* Assets.xcassets */; };
		5AA59D682408F28A007FCAFD /* LaunchScreen.storyboard in Resources */ = {isa = PBXBuildFile; fileRef = 5AA59D662408F28A007FCAFD /* LaunchScreen.storyboard */; };
		5AA59D70240938A9007FCAFD /* MainViewController.swift in Sources */ = {isa = PBXBuildFile; fileRef = 5AA59D6F240938A9007FCAFD /* MainViewController.swift */; };
		5AA59D722409441E007FCAFD /* Structures.swift in Sources */ = {isa = PBXBuildFile; fileRef = 5AA59D712409441E007FCAFD /* Structures.swift */; };
/* End PBXBuildFile section */

/* Begin PBXFileReference section */
		5A08E4B3240C0F2900AEEECA /* ComicsViewCell.swift */ = {isa = PBXFileReference; lastKnownFileType = sourcecode.swift; path = ComicsViewCell.swift; sourceTree = "<group>"; };
		5A08E4B5240C35BE00AEEECA /* NetworkService.swift */ = {isa = PBXFileReference; lastKnownFileType = sourcecode.swift; path = NetworkService.swift; sourceTree = "<group>"; };
		5A08E4B7240C3FF400AEEECA /* CharacterTitleView.swift */ = {isa = PBXFileReference; lastKnownFileType = sourcecode.swift; path = CharacterTitleView.swift; sourceTree = "<group>"; };
		5A08E4B9240C567400AEEECA /* ComicsCellViewModel.swift */ = {isa = PBXFileReference; lastKnownFileType = sourcecode.swift; path = ComicsCellViewModel.swift; sourceTree = "<group>"; };
		5A17A0FC240A882600297C35 /* Links.swift */ = {isa = PBXFileReference; lastKnownFileType = sourcecode.swift; path = Links.swift; sourceTree = "<group>"; };
		5A17A0FE240A8EE700297C35 /* MainViewModel.swift */ = {isa = PBXFileReference; lastKnownFileType = sourcecode.swift; path = MainViewModel.swift; sourceTree = "<group>"; };
		5A2E819F240A96A900718478 /* Extensions.swift */ = {isa = PBXFileReference; lastKnownFileType = sourcecode.swift; path = Extensions.swift; sourceTree = "<group>"; };
		5A2E81A1240A9C2900718478 /* CharacterListView.swift */ = {isa = PBXFileReference; lastKnownFileType = sourcecode.swift; path = CharacterListView.swift; sourceTree = "<group>"; };
		5A9EABC7240B7B7E0048A20F /* CharacterCell.swift */ = {isa = PBXFileReference; lastKnownFileType = sourcecode.swift; path = CharacterCell.swift; sourceTree = "<group>"; };
		5A9EABC9240B84CC0048A20F /* Colors.swift */ = {isa = PBXFileReference; lastKnownFileType = sourcecode.swift; path = Colors.swift; sourceTree = "<group>"; };
		5A9EABCC240BD8230048A20F /* CustomImageView.swift */ = {isa = PBXFileReference; lastKnownFileType = sourcecode.swift; path = CustomImageView.swift; sourceTree = "<group>"; };
		5AA59D582408F286007FCAFD /* MarvelHeroes.app */ = {isa = PBXFileReference; explicitFileType = wrapper.application; includeInIndex = 0; path = MarvelHeroes.app; sourceTree = BUILT_PRODUCTS_DIR; };
		5AA59D5B2408F286007FCAFD /* AppDelegate.swift */ = {isa = PBXFileReference; lastKnownFileType = sourcecode.swift; path = AppDelegate.swift; sourceTree = "<group>"; };
		5AA59D5D2408F286007FCAFD /* SceneDelegate.swift */ = {isa = PBXFileReference; lastKnownFileType = sourcecode.swift; path = SceneDelegate.swift; sourceTree = "<group>"; };
		5AA59D642408F28A007FCAFD /* Assets.xcassets */ = {isa = PBXFileReference; lastKnownFileType = folder.assetcatalog; path = Assets.xcassets; sourceTree = "<group>"; };
		5AA59D672408F28A007FCAFD /* Base */ = {isa = PBXFileReference; lastKnownFileType = file.storyboard; name = Base; path = Base.lproj/LaunchScreen.storyboard; sourceTree = "<group>"; };
		5AA59D692408F28A007FCAFD /* Info.plist */ = {isa = PBXFileReference; lastKnownFileType = text.plist.xml; path = Info.plist; sourceTree = "<group>"; };
		5AA59D6F240938A9007FCAFD /* MainViewController.swift */ = {isa = PBXFileReference; lastKnownFileType = sourcecode.swift; path = MainViewController.swift; sourceTree = "<group>"; };
		5AA59D712409441E007FCAFD /* Structures.swift */ = {isa = PBXFileReference; lastKnownFileType = sourcecode.swift; path = Structures.swift; sourceTree = "<group>"; };
/* End PBXFileReference section */

/* Begin PBXFrameworksBuildPhase section */
		5AA59D552408F286007FCAFD /* Frameworks */ = {
			isa = PBXFrameworksBuildPhase;
			buildActionMask = 2147483647;
			files = (
			);
			runOnlyForDeploymentPostprocessing = 0;
		};
/* End PBXFrameworksBuildPhase section */

/* Begin PBXGroup section */
		5A2E81A3240A9C3600718478 /* Views */ = {
			isa = PBXGroup;
			children = (
				5A2E81A1240A9C2900718478 /* CharacterListView.swift */,
				5A08E4B7240C3FF400AEEECA /* CharacterTitleView.swift */,
				5A9EABC7240B7B7E0048A20F /* CharacterCell.swift */,
				5A08E4B3240C0F2900AEEECA /* ComicsViewCell.swift */,
			);
			path = Views;
			sourceTree = "<group>";
		};
		5A2E81A4240A9C5600718478 /* Model */ = {
			isa = PBXGroup;
			children = (
				5AA59D712409441E007FCAFD /* Structures.swift */,
			);
			path = Model;
			sourceTree = "<group>";
		};
		5A9EABCB240BD7FA0048A20F /* Utils */ = {
			isa = PBXGroup;
			children = (
				5A17A0FC240A882600297C35 /* Links.swift */,
				5A9EABC9240B84CC0048A20F /* Colors.swift */,
				5A2E819F240A96A900718478 /* Extensions.swift */,
				5A08E4B5240C35BE00AEEECA /* NetworkService.swift */,
				5A9EABCC240BD8230048A20F /* CustomImageView.swift */,
			);
			path = Utils;
			sourceTree = "<group>";
		};
		5AA59D4F2408F286007FCAFD = {
			isa = PBXGroup;
			children = (
				5AA59D5A2408F286007FCAFD /* MarvelHeroes */,
				5AA59D592408F286007FCAFD /* Products */,
			);
			sourceTree = "<group>";
		};
		5AA59D592408F286007FCAFD /* Products */ = {
			isa = PBXGroup;
			children = (
				5AA59D582408F286007FCAFD /* MarvelHeroes.app */,
			);
			name = Products;
			sourceTree = "<group>";
		};
		5AA59D5A2408F286007FCAFD /* MarvelHeroes */ = {
			isa = PBXGroup;
			children = (
				5AA59D5B2408F286007FCAFD /* AppDelegate.swift */,
				5AA59D5D2408F286007FCAFD /* SceneDelegate.swift */,
				5AA59D6F240938A9007FCAFD /* MainViewController.swift */,
				5A17A0FE240A8EE700297C35 /* MainViewModel.swift */,
				5A08E4B9240C567400AEEECA /* ComicsCellViewModel.swift */,
				5A2E81A3240A9C3600718478 /* Views */,
				5A2E81A4240A9C5600718478 /* Model */,
				5A9EABCB240BD7FA0048A20F /* Utils */,
				5AA59D642408F28A007FCAFD /* Assets.xcassets */,
				5AA59D662408F28A007FCAFD /* LaunchScreen.storyboard */,
				5AA59D692408F28A007FCAFD /* Info.plist */,
			);
			path = MarvelHeroes;
			sourceTree = "<group>";
		};
/* End PBXGroup section */

/* Begin PBXNativeTarget section */
		5AA59D572408F286007FCAFD /* MarvelHeroes */ = {
			isa = PBXNativeTarget;
			buildConfigurationList = 5AA59D6C2408F28A007FCAFD /* Build configuration list for PBXNativeTarget "MarvelHeroes" */;
			buildPhases = (
				5AA59D542408F286007FCAFD /* Sources */,
				5AA59D552408F286007FCAFD /* Frameworks */,
				5AA59D562408F286007FCAFD /* Resources */,
			);
			buildRules = (
			);
			dependencies = (
			);
			name = MarvelHeroes;
			productName = MarvelHeroes;
			productReference = 5AA59D582408F286007FCAFD /* MarvelHeroes.app */;
			productType = "com.apple.product-type.application";
		};
/* End PBXNativeTarget section */

/* Begin PBXProject section */
		5AA59D502408F286007FCAFD /* Project object */ = {
			isa = PBXProject;
			attributes = {
				LastSwiftUpdateCheck = 1130;
				LastUpgradeCheck = 1130;
				ORGANIZATIONNAME = "Jasur Rajabov";
				TargetAttributes = {
					5AA59D572408F286007FCAFD = {
						CreatedOnToolsVersion = 11.3.1;
					};
				};
			};
			buildConfigurationList = 5AA59D532408F286007FCAFD /* Build configuration list for PBXProject "MarvelHeroes" */;
			compatibilityVersion = "Xcode 9.3";
			developmentRegion = en;
			hasScannedForEncodings = 0;
			knownRegions = (
				en,
				Base,
			);
			mainGroup = 5AA59D4F2408F286007FCAFD;
			productRefGroup = 5AA59D592408F286007FCAFD /* Products */;
			projectDirPath = "";
			projectRoot = "";
			targets = (
				5AA59D572408F286007FCAFD /* MarvelHeroes */,
			);
		};
/* End PBXProject section */

/* Begin PBXResourcesBuildPhase section */
		5AA59D562408F286007FCAFD /* Resources */ = {
			isa = PBXResourcesBuildPhase;
			buildActionMask = 2147483647;
			files = (
				5AA59D682408F28A007FCAFD /* LaunchScreen.storyboard in Resources */,
				5AA59D652408F28A007FCAFD /* Assets.xcassets in Resources */,
			);
			runOnlyForDeploymentPostprocessing = 0;
		};
/* End PBXResourcesBuildPhase section */

/* Begin PBXSourcesBuildPhase section */
		5AA59D542408F286007FCAFD /* Sources */ = {
			isa = PBXSourcesBuildPhase;
			buildActionMask = 2147483647;
			files = (
				5A08E4B4240C0F2900AEEECA /* ComicsViewCell.swift in Sources */,
				5A17A0FD240A882600297C35 /* Links.swift in Sources */,
				5A9EABCA240B84CC0048A20F /* Colors.swift in Sources */,
				5AA59D5C2408F286007FCAFD /* AppDelegate.swift in Sources */,
				5A08E4BA240C567400AEEECA /* ComicsCellViewModel.swift in Sources */,
				5AA59D5E2408F286007FCAFD /* SceneDelegate.swift in Sources */,
				5A9EABC8240B7B7E0048A20F /* CharacterCell.swift in Sources */,
				5AA59D70240938A9007FCAFD /* MainViewController.swift in Sources */,
				5A08E4B8240C3FF400AEEECA /* CharacterTitleView.swift in Sources */,
				5AA59D722409441E007FCAFD /* Structures.swift in Sources */,
				5A9EABCD240BD8230048A20F /* CustomImageView.swift in Sources */,
				5A17A0FF240A8EE700297C35 /* MainViewModel.swift in Sources */,
				5A2E81A2240A9C2900718478 /* CharacterListView.swift in Sources */,
				5A08E4B6240C35BE00AEEECA /* NetworkService.swift in Sources */,
				5A2E81A0240A96A900718478 /* Extensions.swift in Sources */,
			);
			runOnlyForDeploymentPostprocessing = 0;
		};
/* End PBXSourcesBuildPhase section */

/* Begin PBXVariantGroup section */
		5AA59D662408F28A007FCAFD /* LaunchScreen.storyboard */ = {
			isa = PBXVariantGroup;
			children = (
				5AA59D672408F28A007FCAFD /* Base */,
			);
			name = LaunchScreen.storyboard;
			sourceTree = "<group>";
		};
/* End PBXVariantGroup section */

/* Begin XCBuildConfiguration section */
		5AA59D6A2408F28A007FCAFD /* Debug */ = {
			isa = XCBuildConfiguration;
			buildSettings = {
				ALWAYS_SEARCH_USER_PATHS = NO;
				CLANG_ANALYZER_NONNULL = YES;
				CLANG_ANALYZER_NUMBER_OBJECT_CONVERSION = YES_AGGRESSIVE;
				CLANG_CXX_LANGUAGE_STANDARD = "gnu++14";
				CLANG_CXX_LIBRARY = "libc++";
				CLANG_ENABLE_MODULES = YES;
				CLANG_ENABLE_OBJC_ARC = YES;
				CLANG_ENABLE_OBJC_WEAK = YES;
				CLANG_WARN_BLOCK_CAPTURE_AUTORELEASING = YES;
				CLANG_WARN_BOOL_CONVERSION = YES;
				CLANG_WARN_COMMA = YES;
				CLANG_WARN_CONSTANT_CONVERSION = YES;
				CLANG_WARN_DEPRECATED_OBJC_IMPLEMENTATIONS = YES;
				CLANG_WARN_DIRECT_OBJC_ISA_USAGE = YES_ERROR;
				CLANG_WARN_DOCUMENTATION_COMMENTS = YES;
				CLANG_WARN_EMPTY_BODY = YES;
				CLANG_WARN_ENUM_CONVERSION = YES;
				CLANG_WARN_INFINITE_RECURSION = YES;
				CLANG_WARN_INT_CONVERSION = YES;
				CLANG_WARN_NON_LITERAL_NULL_CONVERSION = YES;
				CLANG_WARN_OBJC_IMPLICIT_RETAIN_SELF = YES;
				CLANG_WARN_OBJC_LITERAL_CONVERSION = YES;
				CLANG_WARN_OBJC_ROOT_CLASS = YES_ERROR;
				CLANG_WARN_RANGE_LOOP_ANALYSIS = YES;
				CLANG_WARN_STRICT_PROTOTYPES = YES;
				CLANG_WARN_SUSPICIOUS_MOVE = YES;
				CLANG_WARN_UNGUARDED_AVAILABILITY = YES_AGGRESSIVE;
				CLANG_WARN_UNREACHABLE_CODE = YES;
				CLANG_WARN__DUPLICATE_METHOD_MATCH = YES;
				COPY_PHASE_STRIP = NO;
				DEBUG_INFORMATION_FORMAT = dwarf;
				ENABLE_STRICT_OBJC_MSGSEND = YES;
				ENABLE_TESTABILITY = YES;
				GCC_C_LANGUAGE_STANDARD = gnu11;
				GCC_DYNAMIC_NO_PIC = NO;
				GCC_NO_COMMON_BLOCKS = YES;
				GCC_OPTIMIZATION_LEVEL = 0;
				GCC_PREPROCESSOR_DEFINITIONS = (
					"DEBUG=1",
					"$(inherited)",
				);
				GCC_WARN_64_TO_32_BIT_CONVERSION = YES;
				GCC_WARN_ABOUT_RETURN_TYPE = YES_ERROR;
				GCC_WARN_UNDECLARED_SELECTOR = YES;
				GCC_WARN_UNINITIALIZED_AUTOS = YES_AGGRESSIVE;
				GCC_WARN_UNUSED_FUNCTION = YES;
				GCC_WARN_UNUSED_VARIABLE = YES;
				IPHONEOS_DEPLOYMENT_TARGET = 13.2;
				MTL_ENABLE_DEBUG_INFO = INCLUDE_SOURCE;
				MTL_FAST_MATH = YES;
				ONLY_ACTIVE_ARCH = YES;
				SDKROOT = iphoneos;
				SWIFT_ACTIVE_COMPILATION_CONDITIONS = DEBUG;
				SWIFT_OPTIMIZATION_LEVEL = "-Onone";
			};
			name = Debug;
		};
		5AA59D6B2408F28A007FCAFD /* Release */ = {
			isa = XCBuildConfiguration;
			buildSettings = {
				ALWAYS_SEARCH_USER_PATHS = NO;
				CLANG_ANALYZER_NONNULL = YES;
				CLANG_ANALYZER_NUMBER_OBJECT_CONVERSION = YES_AGGRESSIVE;
				CLANG_CXX_LANGUAGE_STANDARD = "gnu++14";
				CLANG_CXX_LIBRARY = "libc++";
				CLANG_ENABLE_MODULES = YES;
				CLANG_ENABLE_OBJC_ARC = YES;
				CLANG_ENABLE_OBJC_WEAK = YES;
				CLANG_WARN_BLOCK_CAPTURE_AUTORELEASING = YES;
				CLANG_WARN_BOOL_CONVERSION = YES;
				CLANG_WARN_COMMA = YES;
				CLANG_WARN_CONSTANT_CONVERSION = YES;
				CLANG_WARN_DEPRECATED_OBJC_IMPLEMENTATIONS = YES;
				CLANG_WARN_DIRECT_OBJC_ISA_USAGE = YES_ERROR;
				CLANG_WARN_DOCUMENTATION_COMMENTS = YES;
				CLANG_WARN_EMPTY_BODY = YES;
				CLANG_WARN_ENUM_CONVERSION = YES;
				CLANG_WARN_INFINITE_RECURSION = YES;
				CLANG_WARN_INT_CONVERSION = YES;
				CLANG_WARN_NON_LITERAL_NULL_CONVERSION = YES;
				CLANG_WARN_OBJC_IMPLICIT_RETAIN_SELF = YES;
				CLANG_WARN_OBJC_LITERAL_CONVERSION = YES;
				CLANG_WARN_OBJC_ROOT_CLASS = YES_ERROR;
				CLANG_WARN_RANGE_LOOP_ANALYSIS = YES;
				CLANG_WARN_STRICT_PROTOTYPES = YES;
				CLANG_WARN_SUSPICIOUS_MOVE = YES;
				CLANG_WARN_UNGUARDED_AVAILABILITY = YES_AGGRESSIVE;
				CLANG_WARN_UNREACHABLE_CODE = YES;
				CLANG_WARN__DUPLICATE_METHOD_MATCH = YES;
				COPY_PHASE_STRIP = NO;
				DEBUG_INFORMATION_FORMAT = "dwarf-with-dsym";
				ENABLE_NS_ASSERTIONS = NO;
				ENABLE_STRICT_OBJC_MSGSEND = YES;
				GCC_C_LANGUAGE_STANDARD = gnu11;
				GCC_NO_COMMON_BLOCKS = YES;
				GCC_WARN_64_TO_32_BIT_CONVERSION = YES;
				GCC_WARN_ABOUT_RETURN_TYPE = YES_ERROR;
				GCC_WARN_UNDECLARED_SELECTOR = YES;
				GCC_WARN_UNINITIALIZED_AUTOS = YES_AGGRESSIVE;
				GCC_WARN_UNUSED_FUNCTION = YES;
				GCC_WARN_UNUSED_VARIABLE = YES;
				IPHONEOS_DEPLOYMENT_TARGET = 13.2;
				MTL_ENABLE_DEBUG_INFO = NO;
				MTL_FAST_MATH = YES;
				SDKROOT = iphoneos;
				SWIFT_COMPILATION_MODE = wholemodule;
				SWIFT_OPTIMIZATION_LEVEL = "-O";
				VALIDATE_PRODUCT = YES;
			};
			name = Release;
		};
		5AA59D6D2408F28A007FCAFD /* Debug */ = {
			isa = XCBuildConfiguration;
			buildSettings = {
				ASSETCATALOG_COMPILER_APPICON_NAME = AppIcon;
				CODE_SIGN_STYLE = Automatic;
				DEVELOPMENT_TEAM = AJR64QRY6A;
				INFOPLIST_FILE = MarvelHeroes/Info.plist;
				LD_RUNPATH_SEARCH_PATHS = (
					"$(inherited)",
					"@executable_path/Frameworks",
				);
				PRODUCT_BUNDLE_IDENTIFIER = com.cr204.MarvelHeroes;
				PRODUCT_NAME = "$(TARGET_NAME)";
				SWIFT_VERSION = 5.0;
				TARGETED_DEVICE_FAMILY = 1;
			};
			name = Debug;
		};
		5AA59D6E2408F28A007FCAFD /* Release */ = {
			isa = XCBuildConfiguration;
			buildSettings = {
				ASSETCATALOG_COMPILER_APPICON_NAME = AppIcon;
				CODE_SIGN_STYLE = Automatic;
				DEVELOPMENT_TEAM = AJR64QRY6A;
				INFOPLIST_FILE = MarvelHeroes/Info.plist;
				LD_RUNPATH_SEARCH_PATHS = (
					"$(inherited)",
					"@executable_path/Frameworks",
				);
				PRODUCT_BUNDLE_IDENTIFIER = com.cr204.MarvelHeroes;
				PRODUCT_NAME = "$(TARGET_NAME)";
				SWIFT_VERSION = 5.0;
				TARGETED_DEVICE_FAMILY = 1;
			};
			name = Release;
		};
/* End XCBuildConfiguration section */

/* Begin XCConfigurationList section */
		5AA59D532408F286007FCAFD /* Build configuration list for PBXProject "MarvelHeroes" */ = {
			isa = XCConfigurationList;
			buildConfigurations = (
				5AA59D6A2408F28A007FCAFD /* Debug */,
				5AA59D6B2408F28A007FCAFD /* Release */,
			);
			defaultConfigurationIsVisible = 0;
			defaultConfigurationName = Release;
		};
		5AA59D6C2408F28A007FCAFD /* Build configuration list for PBXNativeTarget "MarvelHeroes" */ = {
			isa = XCConfigurationList;
			buildConfigurations = (
				5AA59D6D2408F28A007FCAFD /* Debug */,
				5AA59D6E2408F28A007FCAFD /* Release */,
			);
			defaultConfigurationIsVisible = 0;
			defaultConfigurationName = Release;
		};
/* End XCConfigurationList section */
	};
	rootObject = 5AA59D502408F286007FCAFD /* Project object */;
}
